
Microsoft Visual Studio Solution File, Format Version 12.00
# Visual Studio Version 17
VisualStudioVersion = 17.9.34616.47
MinimumVisualStudioVersion = 10.0.40219.1
Project("{FAE04EC0-301F-11D3-BF4B-00C04F79EFBC}") = "Task1", "LabWork24\Task1.csproj", "{47CD4E6B-D950-4F14-BFA2-58A61BD587E3}"
EndProject
Project("{FAE04EC0-301F-11D3-BF4B-00C04F79EFBC}") = "Task2", "Task2\Task2.csproj", "{F017BD19-0A00-4D17-9E9F-02BE8C9BB5E1}"
EndProject
Project("{FAE04EC0-301F-11D3-BF4B-00C04F79EFBC}") = "Task3", "Task3\Task3.csproj", "{14014A79-32FF-4FA5-9A8F-137C5FD4FD5F}"
EndProject
Global
	GlobalSection(SolutionConfigurationPlatforms) = preSolution
		Debug|Any CPU = Debug|Any CPU
		Release|Any CPU = Release|Any CPU
	EndGlobalSection
	GlobalSection(ProjectConfigurationPlatforms) = postSolution
		{47CD4E6B-D950-4F14-BFA2-58A61BD587E3}.Debug|Any CPU.ActiveCfg = Debug|Any CPU
		{47CD4E6B-D950-4F14-BFA2-58A61BD587E3}.Debug|Any CPU.Build.0 = Debug|Any CPU
		{47CD4E6B-D950-4F14-BFA2-58A61BD587E3}.Release|Any CPU.ActiveCfg = Release|Any CPU
		{47CD4E6B-D950-4F14-BFA2-58A61BD587E3}.Release|Any CPU.Build.0 = Release|Any CPU
		{F017BD19-0A00-4D17-9E9F-02BE8C9BB5E1}.Debug|Any CPU.ActiveCfg = Debug|Any CPU
		{F017BD19-0A00-4D17-9E9F-02BE8C9BB5E1}.Debug|Any CPU.Build.0 = Debug|Any CPU
		{F017BD19-0A00-4D17-9E9F-02BE8C9BB5E1}.Release|Any CPU.ActiveCfg = Release|Any CPU
		{F017BD19-0A00-4D17-9E9F-02BE8C9BB5E1}.Release|Any CPU.Build.0 = Release|Any CPU
		{14014A79-32FF-4FA5-9A8F-137C5FD4FD5F}.Debug|Any CPU.ActiveCfg = Debug|Any CPU
		{14014A79-32FF-4FA5-9A8F-137C5FD4FD5F}.Debug|Any CPU.Build.0 = Debug|Any CPU
		{14014A79-32FF-4FA5-9A8F-137C5FD4FD5F}.Release|Any CPU.ActiveCfg = Release|Any CPU
		{14014A79-32FF-4FA5-9A8F-137C5FD4FD5F}.Release|Any CPU.Build.0 = Release|Any CPU
	EndGlobalSection
	GlobalSection(SolutionProperties) = preSolution
		HideSolutionNode = FALSE
	EndGlobalSection
	GlobalSection(ExtensibilityGlobals) = postSolution
		SolutionGuid = {8219C2D0-E053-4F72-A6DC-F8BF2B7E7D87}
	EndGlobalSection
EndGlobal
